{
  "name": "common",
  "version": "1.0.0",
  "lockfileVersion": 3,
  "requires": true,
  "packages": {
    "": {
      "name": "common",
      "version": "1.0.0",
      "license": "ISC",
      "dependencies": {
        "zod": "^3.25.71"
      }
    },
    "node_modules/zod": {
      "version": "3.25.71",
      "resolved": "https://registry.npmjs.org/zod/-/zod-3.25.71.tgz",
      "integrity": "sha512-BsBc/NPk7h8WsUWYWYL+BajcJPY8YhjelaWu2NMLuzgraKAz4Lb4/6K11g9jpuDetjMiqhZ6YaexFLOC0Ogi3Q==",
      "license": "MIT",
      "funding": {
        "url": "https://github.com/sponsors/colinhacks"
      }
    }
  }
}
